
Microsoft Visual Studio Solution File, Format Version 12.00
# Visual Studio 15
Project("{FAE04EC0-301F-11D3-BF4B-00C04F79EFBC}") = "2DHandPainted", "2DHandPainted.csproj", "{6FDB076A-0210-7DFC-3864-8BDC284A9042}"
EndProject
Project("{FAE04EC0-301F-11D3-BF4B-00C04F79EFBC}") = "Assembly-CSharp", "Assembly-CSharp.csproj", "{182632E6-0671-AF22-29C0-CAA1C4E6C15F}"
EndProject
Project("{FAE04EC0-301F-11D3-BF4B-00C04F79EFBC}") = "2DHandPaintedEditor", "2DHandPaintedEditor.csproj", "{24F934E0-3A62-932C-1E24-DC954A840339}"
EndProject
Project("{FAE04EC0-301F-11D3-BF4B-00C04F79EFBC}") = "Assembly-CSharp-Editor", "Assembly-CSharp-Editor.csproj", "{3DC4341A-5072-054B-A9FF-7B70A6A4DC46}"
EndProject
Global
	GlobalSection(SolutionConfigurationPlatforms) = preSolution
		Debug|Any CPU = Debug|Any CPU
		Release|Any CPU = Release|Any CPU
	EndGlobalSection
	GlobalSection(ProjectConfigurationPlatforms) = postSolution
		{6FDB076A-0210-7DFC-3864-8BDC284A9042}.Debug|Any CPU.ActiveCfg = Debug|Any CPU
		{6FDB076A-0210-7DFC-3864-8BDC284A9042}.Debug|Any CPU.Build.0 = Debug|Any CPU
		{6FDB076A-0210-7DFC-3864-8BDC284A9042}.Release|Any CPU.ActiveCfg = Release|Any CPU
		{6FDB076A-0210-7DFC-3864-8BDC284A9042}.Release|Any CPU.Build.0 = Release|Any CPU
		{182632E6-0671-AF22-29C0-CAA1C4E6C15F}.Debug|Any CPU.ActiveCfg = Debug|Any CPU
		{182632E6-0671-AF22-29C0-CAA1C4E6C15F}.Debug|Any CPU.Build.0 = Debug|Any CPU
		{182632E6-0671-AF22-29C0-CAA1C4E6C15F}.Release|Any CPU.ActiveCfg = Release|Any CPU
		{182632E6-0671-AF22-29C0-CAA1C4E6C15F}.Release|Any CPU.Build.0 = Release|Any CPU
		{24F934E0-3A62-932C-1E24-DC954A840339}.Debug|Any CPU.ActiveCfg = Debug|Any CPU
		{24F934E0-3A62-932C-1E24-DC954A840339}.Debug|Any CPU.Build.0 = Debug|Any CPU
		{24F934E0-3A62-932C-1E24-DC954A840339}.Release|Any CPU.ActiveCfg = Release|Any CPU
		{24F934E0-3A62-932C-1E24-DC954A840339}.Release|Any CPU.Build.0 = Release|Any CPU
		{3DC4341A-5072-054B-A9FF-7B70A6A4DC46}.Debug|Any CPU.ActiveCfg = Debug|Any CPU
		{3DC4341A-5072-054B-A9FF-7B70A6A4DC46}.Debug|Any CPU.Build.0 = Debug|Any CPU
		{3DC4341A-5072-054B-A9FF-7B70A6A4DC46}.Release|Any CPU.ActiveCfg = Release|Any CPU
		{3DC4341A-5072-054B-A9FF-7B70A6A4DC46}.Release|Any CPU.Build.0 = Release|Any CPU
	EndGlobalSection
	GlobalSection(SolutionProperties) = preSolution
		HideSolutionNode = FALSE
	EndGlobalSection
EndGlobal
